// !$*UTF8*$!
{
	archiveVersion = 1;
	classes = {
	};
	objectVersion = 46;
	objects = {

/* Begin PBXBuildFile section */
		3EB076651D5EFA7700FF95CC /* AppDelegate.swift in Sources */ = {isa = PBXBuildFile; fileRef = 3EB076641D5EFA7700FF95CC /* AppDelegate.swift */; };
		3EB076671D5EFA7700FF95CC /* ViewController.swift in Sources */ = {isa = PBXBuildFile; fileRef = 3EB076661D5EFA7700FF95CC /* ViewController.swift */; };
		3EB0766A1D5EFA7700FF95CC /* Main.storyboard in Resources */ = {isa = PBXBuildFile; fileRef = 3EB076681D5EFA7700FF95CC /* Main.storyboard */; };
		3EB0766D1D5EFA7700FF95CC /* major.xcdatamodeld in Sources */ = {isa = PBXBuildFile; fileRef = 3EB0766B1D5EFA7700FF95CC /* major.xcdatamodeld */; };
		3EB0766F1D5EFA7700FF95CC /* Assets.xcassets in Resources */ = {isa = PBXBuildFile; fileRef = 3EB0766E1D5EFA7700FF95CC /* Assets.xcassets */; };
		3EB076721D5EFA7700FF95CC /* LaunchScreen.storyboard in Resources */ = {isa = PBXBuildFile; fileRef = 3EB076701D5EFA7700FF95CC /* LaunchScreen.storyboard */; };
		3EB0767C1D62EB6100FF95CC /* repositoryCells.swift in Sources */ = {isa = PBXBuildFile; fileRef = 3EB0767B1D62EB6100FF95CC /* repositoryCells.swift */; };
		3EB0767E1D62ECD700FF95CC /* RepositoryViewController.swift in Sources */ = {isa = PBXBuildFile; fileRef = 3EB0767D1D62ECD700FF95CC /* RepositoryViewController.swift */; };
		3EB076801D62FB0E00FF95CC /* contributorCells.swift in Sources */ = {isa = PBXBuildFile; fileRef = 3EB0767F1D62FB0E00FF95CC /* contributorCells.swift */; };
		3EB076821D62FBCB00FF95CC /* ContributorViewController.swift in Sources */ = {isa = PBXBuildFile; fileRef = 3EB076811D62FBCB00FF95CC /* ContributorViewController.swift */; };
		3EB076841D630ADF00FF95CC /* favouritesViewController.swift in Sources */ = {isa = PBXBuildFile; fileRef = 3EB076831D630ADF00FF95CC /* favouritesViewController.swift */; };
		3EB076861D630E9600FF95CC /* favouriteCells.swift in Sources */ = {isa = PBXBuildFile; fileRef = 3EB076851D630E9600FF95CC /* favouriteCells.swift */; };
/* End PBXBuildFile section */

/* Begin PBXFileReference section */
		3EB076611D5EFA7700FF95CC /* major.app */ = {isa = PBXFileReference; explicitFileType = wrapper.application; includeInIndex = 0; path = major.app; sourceTree = BUILT_PRODUCTS_DIR; };
		3EB076641D5EFA7700FF95CC /* AppDelegate.swift */ = {isa = PBXFileReference; lastKnownFileType = sourcecode.swift; path = AppDelegate.swift; sourceTree = "<group>"; };
		3EB076661D5EFA7700FF95CC /* ViewController.swift */ = {isa = PBXFileReference; lastKnownFileType = sourcecode.swift; path = ViewController.swift; sourceTree = "<group>"; };
		3EB076691D5EFA7700FF95CC /* Base */ = {isa = PBXFileReference; lastKnownFileType = file.storyboard; name = Base; path = Base.lproj/Main.storyboard; sourceTree = "<group>"; };
		3EB0766C1D5EFA7700FF95CC /* major.xcdatamodel */ = {isa = PBXFileReference; lastKnownFileType = wrapper.xcdatamodel; path = major.xcdatamodel; sourceTree = "<group>"; };
		3EB0766E1D5EFA7700FF95CC /* Assets.xcassets */ = {isa = PBXFileReference; lastKnownFileType = folder.assetcatalog; path = Assets.xcassets; sourceTree = "<group>"; };
		3EB076711D5EFA7700FF95CC /* Base */ = {isa = PBXFileReference; lastKnownFileType = file.storyboard; name = Base; path = Base.lproj/LaunchScreen.storyboard; sourceTree = "<group>"; };
		3EB076731D5EFA7700FF95CC /* Info.plist */ = {isa = PBXFileReference; lastKnownFileType = text.plist.xml; path = Info.plist; sourceTree = "<group>"; };
		3EB0767B1D62EB6100FF95CC /* repositoryCells.swift */ = {isa = PBXFileReference; fileEncoding = 4; lastKnownFileType = sourcecode.swift; path = repositoryCells.swift; sourceTree = "<group>"; };
		3EB0767D1D62ECD700FF95CC /* RepositoryViewController.swift */ = {isa = PBXFileReference; fileEncoding = 4; lastKnownFileType = sourcecode.swift; path = RepositoryViewController.swift; sourceTree = "<group>"; };
		3EB0767F1D62FB0E00FF95CC /* contributorCells.swift */ = {isa = PBXFileReference; fileEncoding = 4; lastKnownFileType = sourcecode.swift; path = contributorCells.swift; sourceTree = "<group>"; };
		3EB076811D62FBCB00FF95CC /* ContributorViewController.swift */ = {isa = PBXFileReference; fileEncoding = 4; lastKnownFileType = sourcecode.swift; path = ContributorViewController.swift; sourceTree = "<group>"; };
		3EB076831D630ADF00FF95CC /* favouritesViewController.swift */ = {isa = PBXFileReference; fileEncoding = 4; lastKnownFileType = sourcecode.swift; path = favouritesViewController.swift; sourceTree = "<group>"; };
		3EB076851D630E9600FF95CC /* favouriteCells.swift */ = {isa = PBXFileReference; fileEncoding = 4; lastKnownFileType = sourcecode.swift; path = favouriteCells.swift; sourceTree = "<group>"; };
/* End PBXFileReference section */

/* Begin PBXFrameworksBuildPhase section */
		3EB0765E1D5EFA7600FF95CC /* Frameworks */ = {
			isa = PBXFrameworksBuildPhase;
			buildActionMask = 2147483647;
			files = (
			);
			runOnlyForDeploymentPostprocessing = 0;
		};
/* End PBXFrameworksBuildPhase section */

/* Begin PBXGroup section */
		3EB076581D5EFA7600FF95CC = {
			isa = PBXGroup;
			children = (
				3EB076631D5EFA7700FF95CC /* major */,
				3EB076621D5EFA7700FF95CC /* Products */,
			);
			sourceTree = "<group>";
		};
		3EB076621D5EFA7700FF95CC /* Products */ = {
			isa = PBXGroup;
			children = (
				3EB076611D5EFA7700FF95CC /* major.app */,
			);
			name = Products;
			sourceTree = "<group>";
		};
		3EB076631D5EFA7700FF95CC /* major */ = {
			isa = PBXGroup;
			children = (
				3EB0767B1D62EB6100FF95CC /* repositoryCells.swift */,
				3EB0767F1D62FB0E00FF95CC /* contributorCells.swift */,
				3EB076851D630E9600FF95CC /* favouriteCells.swift */,
				3EB076811D62FBCB00FF95CC /* ContributorViewController.swift */,
				3EB0767D1D62ECD700FF95CC /* RepositoryViewController.swift */,
				3EB076831D630ADF00FF95CC /* favouritesViewController.swift */,
				3EB076641D5EFA7700FF95CC /* AppDelegate.swift */,
				3EB076661D5EFA7700FF95CC /* ViewController.swift */,
				3EB076681D5EFA7700FF95CC /* Main.storyboard */,
				3EB0766E1D5EFA7700FF95CC /* Assets.xcassets */,
				3EB076701D5EFA7700FF95CC /* LaunchScreen.storyboard */,
				3EB076731D5EFA7700FF95CC /* Info.plist */,
				3EB0766B1D5EFA7700FF95CC /* major.xcdatamodeld */,
			);
			path = major;
			sourceTree = "<group>";
		};
/* End PBXGroup section */

/* Begin PBXNativeTarget section */
		3EB076601D5EFA7600FF95CC /* major */ = {
			isa = PBXNativeTarget;
			buildConfigurationList = 3EB076761D5EFA7700FF95CC /* Build configuration list for PBXNativeTarget "major" */;
			buildPhases = (
				3EB0765D1D5EFA7600FF95CC /* Sources */,
				3EB0765E1D5EFA7600FF95CC /* Frameworks */,
				3EB0765F1D5EFA7600FF95CC /* Resources */,
			);
			buildRules = (
			);
			dependencies = (
			);
			name = major;
			productName = major;
			productReference = 3EB076611D5EFA7700FF95CC /* major.app */;
			productType = "com.apple.product-type.application";
		};
/* End PBXNativeTarget section */

/* Begin PBXProject section */
		3EB076591D5EFA7600FF95CC /* Project object */ = {
			isa = PBXProject;
			attributes = {
				LastSwiftUpdateCheck = 0730;
				LastUpgradeCheck = 0730;
				ORGANIZATIONNAME = "Rishu Goel";
				TargetAttributes = {
					3EB076601D5EFA7600FF95CC = {
						CreatedOnToolsVersion = 7.3.1;
					};
				};
			};
			buildConfigurationList = 3EB0765C1D5EFA7600FF95CC /* Build configuration list for PBXProject "major" */;
			compatibilityVersion = "Xcode 3.2";
			developmentRegion = English;
			hasScannedForEncodings = 0;
			knownRegions = (
				en,
				Base,
			);
			mainGroup = 3EB076581D5EFA7600FF95CC;
			productRefGroup = 3EB076621D5EFA7700FF95CC /* Products */;
			projectDirPath = "";
			projectRoot = "";
			targets = (
				3EB076601D5EFA7600FF95CC /* major */,
			);
		};
/* End PBXProject section */

/* Begin PBXResourcesBuildPhase section */
		3EB0765F1D5EFA7600FF95CC /* Resources */ = {
			isa = PBXResourcesBuildPhase;
			buildActionMask = 2147483647;
			files = (
				3EB076721D5EFA7700FF95CC /* LaunchScreen.storyboard in Resources */,
				3EB0766F1D5EFA7700FF95CC /* Assets.xcassets in Resources */,
				3EB0766A1D5EFA7700FF95CC /* Main.storyboard in Resources */,
			);
			runOnlyForDeploymentPostprocessing = 0;
		};
/* End PBXResourcesBuildPhase section */

/* Begin PBXSourcesBuildPhase section */
		3EB0765D1D5EFA7600FF95CC /* Sources */ = {
			isa = PBXSourcesBuildPhase;
			buildActionMask = 2147483647;
			files = (
				3EB076841D630ADF00FF95CC /* favouritesViewController.swift in Sources */,
				3EB076821D62FBCB00FF95CC /* ContributorViewController.swift in Sources */,
				3EB076671D5EFA7700FF95CC /* ViewController.swift in Sources */,
				3EB076861D630E9600FF95CC /* favouriteCells.swift in Sources */,
				3EB076651D5EFA7700FF95CC /* AppDelegate.swift in Sources */,
				3EB0766D1D5EFA7700FF95CC /* major.xcdatamodeld in Sources */,
				3EB076801D62FB0E00FF95CC /* contributorCells.swift in Sources */,
				3EB0767C1D62EB6100FF95CC /* repositoryCells.swift in Sources */,
				3EB0767E1D62ECD700FF95CC /* RepositoryViewController.swift in Sources */,
			);
			runOnlyForDeploymentPostprocessing = 0;
		};
/* End PBXSourcesBuildPhase section */

/* Begin PBXVariantGroup section */
		3EB076681D5EFA7700FF95CC /* Main.storyboard */ = {
			isa = PBXVariantGroup;
			children = (
				3EB076691D5EFA7700FF95CC /* Base */,
			);
			name = Main.storyboard;
			sourceTree = "<group>";
		};
		3EB076701D5EFA7700FF95CC /* LaunchScreen.storyboard */ = {
			isa = PBXVariantGroup;
			children = (
				3EB076711D5EFA7700FF95CC /* Base */,
			);
			name = LaunchScreen.storyboard;
			sourceTree = "<group>";
		};
/* End PBXVariantGroup section */

/* Begin XCBuildConfiguration section */
		3EB076741D5EFA7700FF95CC /* Debug */ = {
			isa = XCBuildConfiguration;
			buildSettings = {
				ALWAYS_SEARCH_USER_PATHS = NO;
				CLANG_ANALYZER_NONNULL = YES;
				CLANG_CXX_LANGUAGE_STANDARD = "gnu++0x";
				CLANG_CXX_LIBRARY = "libc++";
				CLANG_ENABLE_MODULES = YES;
				CLANG_ENABLE_OBJC_ARC = YES;
				CLANG_WARN_BOOL_CONVERSION = YES;
				CLANG_WARN_CONSTANT_CONVERSION = YES;
				CLANG_WARN_DIRECT_OBJC_ISA_USAGE = YES_ERROR;
				CLANG_WARN_EMPTY_BODY = YES;
				CLANG_WARN_ENUM_CONVERSION = YES;
				CLANG_WARN_INT_CONVERSION = YES;
				CLANG_WARN_OBJC_ROOT_CLASS = YES_ERROR;
				CLANG_WARN_UNREACHABLE_CODE = YES;
				CLANG_WARN__DUPLICATE_METHOD_MATCH = YES;
				"CODE_SIGN_IDENTITY[sdk=iphoneos*]" = "iPhone Developer";
				COPY_PHASE_STRIP = NO;
				DEBUG_INFORMATION_FORMAT = dwarf;
				ENABLE_STRICT_OBJC_MSGSEND = YES;
				ENABLE_TESTABILITY = YES;
				GCC_C_LANGUAGE_STANDARD = gnu99;
				GCC_DYNAMIC_NO_PIC = NO;
				GCC_NO_COMMON_BLOCKS = YES;
				GCC_OPTIMIZATION_LEVEL = 0;
				GCC_PREPROCESSOR_DEFINITIONS = (
					"DEBUG=1",
					"$(inherited)",
				);
				GCC_WARN_64_TO_32_BIT_CONVERSION = YES;
				GCC_WARN_ABOUT_RETURN_TYPE = YES_ERROR;
				GCC_WARN_UNDECLARED_SELECTOR = YES;
				GCC_WARN_UNINITIALIZED_AUTOS = YES_AGGRESSIVE;
				GCC_WARN_UNUSED_FUNCTION = YES;
				GCC_WARN_UNUSED_VARIABLE = YES;
				IPHONEOS_DEPLOYMENT_TARGET = 9.3;
				MTL_ENABLE_DEBUG_INFO = YES;
				ONLY_ACTIVE_ARCH = YES;
				SDKROOT = iphoneos;
				SWIFT_OPTIMIZATION_LEVEL = "-Onone";
				TARGETED_DEVICE_FAMILY = "1,2";
			};
			name = Debug;
		};
		3EB076751D5EFA7700FF95CC /* Release */ = {
			isa = XCBuildConfiguration;
			buildSettings = {
				ALWAYS_SEARCH_USER_PATHS = NO;
				CLANG_ANALYZER_NONNULL = YES;
				CLANG_CXX_LANGUAGE_STANDARD = "gnu++0x";
				CLANG_CXX_LIBRARY = "libc++";
				CLANG_ENABLE_MODULES = YES;
				CLANG_ENABLE_OBJC_ARC = YES;
				CLANG_WARN_BOOL_CONVERSION = YES;
				CLANG_WARN_CONSTANT_CONVERSION = YES;
				CLANG_WARN_DIRECT_OBJC_ISA_USAGE = YES_ERROR;
				CLANG_WARN_EMPTY_BODY = YES;
				CLANG_WARN_ENUM_CONVERSION = YES;
				CLANG_WARN_INT_CONVERSION = YES;
				CLANG_WARN_OBJC_ROOT_CLASS = YES_ERROR;
				CLANG_WARN_UNREACHABLE_CODE = YES;
				CLANG_WARN__DUPLICATE_METHOD_MATCH = YES;
				"CODE_SIGN_IDENTITY[sdk=iphoneos*]" = "iPhone Developer";
				COPY_PHASE_STRIP = NO;
				DEBUG_INFORMATION_FORMAT = "dwarf-with-dsym";
				ENABLE_NS_ASSERTIONS = NO;
				ENABLE_STRICT_OBJC_MSGSEND = YES;
				GCC_C_LANGUAGE_STANDARD = gnu99;
				GCC_NO_COMMON_BLOCKS = YES;
				GCC_WARN_64_TO_32_BIT_CONVERSION = YES;
				GCC_WARN_ABOUT_RETURN_TYPE = YES_ERROR;
				GCC_WARN_UNDECLARED_SELECTOR = YES;
				GCC_WARN_UNINITIALIZED_AUTOS = YES_AGGRESSIVE;
				GCC_WARN_UNUSED_FUNCTION = YES;
				GCC_WARN_UNUSED_VARIABLE = YES;
				IPHONEOS_DEPLOYMENT_TARGET = 9.3;
				MTL_ENABLE_DEBUG_INFO = NO;
				SDKROOT = iphoneos;
				TARGETED_DEVICE_FAMILY = "1,2";
				VALIDATE_PRODUCT = YES;
			};
			name = Release;
		};
		3EB076771D5EFA7700FF95CC /* Debug */ = {
			isa = XCBuildConfiguration;
			buildSettings = {
				ASSETCATALOG_COMPILER_APPICON_NAME = AppIcon;
				INFOPLIST_FILE = major/Info.plist;
				LD_RUNPATH_SEARCH_PATHS = "$(inherited) @executable_path/Frameworks";
				PRODUCT_BUNDLE_IDENTIFIER = Practo.major;
				PRODUCT_NAME = "$(TARGET_NAME)";
			};
			name = Debug;
		};
		3EB076781D5EFA7700FF95CC /* Release */ = {
			isa = XCBuildConfiguration;
			buildSettings = {
				ASSETCATALOG_COMPILER_APPICON_NAME = AppIcon;
				INFOPLIST_FILE = major/Info.plist;
				LD_RUNPATH_SEARCH_PATHS = "$(inherited) @executable_path/Frameworks";
				PRODUCT_BUNDLE_IDENTIFIER = Practo.major;
				PRODUCT_NAME = "$(TARGET_NAME)";
			};
			name = Release;
		};
/* End XCBuildConfiguration section */

/* Begin XCConfigurationList section */
		3EB0765C1D5EFA7600FF95CC /* Build configuration list for PBXProject "major" */ = {
			isa = XCConfigurationList;
			buildConfigurations = (
				3EB076741D5EFA7700FF95CC /* Debug */,
				3EB076751D5EFA7700FF95CC /* Release */,
			);
			defaultConfigurationIsVisible = 0;
			defaultConfigurationName = Release;
		};
		3EB076761D5EFA7700FF95CC /* Build configuration list for PBXNativeTarget "major" */ = {
			isa = XCConfigurationList;
			buildConfigurations = (
				3EB076771D5EFA7700FF95CC /* Debug */,
				3EB076781D5EFA7700FF95CC /* Release */,
			);
			defaultConfigurationIsVisible = 0;
			defaultConfigurationName = Release;
		};
/* End XCConfigurationList section */

/* Begin XCVersionGroup section */
		3EB0766B1D5EFA7700FF95CC /* major.xcdatamodeld */ = {
			isa = XCVersionGroup;
			children = (
				3EB0766C1D5EFA7700FF95CC /* major.xcdatamodel */,
			);
			currentVersion = 3EB0766C1D5EFA7700FF95CC /* major.xcdatamodel */;
			path = major.xcdatamodeld;
			sourceTree = "<group>";
			versionGroupType = wrapper.xcdatamodel;
		};
/* End XCVersionGroup section */
	};
	rootObject = 3EB076591D5EFA7600FF95CC /* Project object */;
}
